lockfileVersion: '6.1'

settings:
  autoInstallPeers: true
  excludeLinksFromLockfile: false

dependencies:
  '@arrow-js/core':
    specifier: 1.0.0-alpha.9
    version: 1.0.0-alpha.9
  '@cumjar/websmack':
    specifier: ^1.2.0
    version: 1.2.0
  spitroast:
    specifier: ^1.4.3
    version: 1.4.3

devDependencies:
  esbuild:
    specifier: ^0.18.6
    version: 0.18.6

packages:

  /@arrow-js/core@1.0.0-alpha.9:
    resolution: {integrity: sha512-Yf8UM15AJaUn/6MUxpVjQiSVZMDksvh66TAnaPx4YhaDlcrE0Nn5jx0nMJ4k0JPTpWNmCkF9ank3faJgY6nCVw==}
    engines: {node: '>=14.0.0'}
    dev: false

  /@cumjar/websmack@1.2.0:
    resolution: {integrity: sha512-CtNQ3/EdeEAEx8bAPi3eKNCC41P88u40ja69TwpVerMZ93l0Kk7NpfvqY+YW50AvBN90FdmfLCRsJYzPIxQ90A==}
    dev: false

  /@esbuild/android-arm64@0.18.6:
    resolution: {integrity: sha512-pL0Ci8P9q1sWbtPx8CXbc8JvPvvYdJJQ+LO09PLFsbz3aYNdFBGWJjiHU+CaObO4Ames+GOFpXRAJZS2L3ZK/A==}
    engines: {node: '>=12'}
    cpu: [arm64]
    os: [android]
    requiresBuild: true
    dev: true
    optional: true

  /@esbuild/android-arm@0.18.6:
    resolution: {integrity: sha512-J3lwhDSXBBppSzm/LC1uZ8yKSIpExc+5T8MxrYD9KNVZG81FOAu2VF2gXi/6A/LwDDQQ+b6DpQbYlo3VwxFepQ==}
    engines: {node: '>=12'}
    cpu: [arm]
    os: [android]
    requiresBuild: true
    dev: true
    optional: true

  /@esbuild/android-x64@0.18.6:
    resolution: {integrity: sha512-hE2vZxOlJ05aY28lUpB0y0RokngtZtcUB+TVl9vnLEnY0z/8BicSvrkThg5/iI1rbf8TwXrbr2heEjl9fLf+EA==}
    engines: {node: '>=12'}
    cpu: [x64]
    os: [android]
    requiresBuild: true
    dev: true
    optional: true

  /@esbuild/darwin-arm64@0.18.6:
    resolution: {integrity: sha512-/tuyl4R+QhhoROQtuQj9E/yfJtZNdv2HKaHwYhhHGQDN1Teziem2Kh7BWQMumfiY7Lu9g5rO7scWdGE4OsQ6MQ==}
    engines: {node: '>=12'}
    cpu: [arm64]
    os: [darwin]
    requiresBuild: true
    dev: true
    optional: true

  /@esbuild/darwin-x64@0.18.6:
    resolution: {integrity: sha512-L7IQga2pDT+14Ti8HZwsVfbCjuKP4U213T3tuPggOzyK/p4KaUJxQFXJgfUFHKzU0zOXx8QcYRYZf0hSQtppkw==}
    engines: {node: '>=12'}
    cpu: [x64]
    os: [darwin]
    requiresBuild: true
    dev: true
    optional: true

  /@esbuild/freebsd-arm64@0.18.6:
    resolution: {integrity: sha512-bq10jFv42V20Kk77NvmO+WEZaLHBKuXcvEowixnBOMkaBgS7kQaqTc77ZJDbsUpXU3KKNLQFZctfaeINmeTsZA==}
    engines: {node: '>=12'}
    cpu: [arm64]
    os: [freebsd]
    requiresBuild: true
    dev: true
    optional: true

  /@esbuild/freebsd-x64@0.18.6:
    resolution: {integrity: sha512-HbDLlkDZqUMBQaiday0pJzB6/8Xx/10dI3xRebJBReOEeDSeS+7GzTtW9h8ZnfB7/wBCqvtAjGtWQLTNPbR2+g==}
    engines: {node: '>=12'}
    cpu: [x64]
    os: [freebsd]
    requiresBuild: true
    dev: true
    optional: true

  /@esbuild/linux-arm64@0.18.6:
    resolution: {integrity: sha512-NMY9yg/88MskEZH2s4i6biz/3av+M8xY5ua4HE7CCz5DBz542cr7REe317+v7oKjnYBCijHpkzo5vU85bkXQmQ==}
    engines: {node: '>=12'}
    cpu: [arm64]
    os: [linux]
    requiresBuild: true
    dev: true
    optional: true

  /@esbuild/linux-arm@0.18.6:
    resolution: {integrity: sha512-C+5kb6rgsGMmvIdUI7v1PPgC98A6BMv233e97aXZ5AE03iMdlILFD/20HlHrOi0x2CzbspXn9HOnlE4/Ijn5Kw==}
    engines: {node: '>=12'}
    cpu: [arm]
    os: [linux]
    requiresBuild: true
    dev: true
    optional: true

  /@esbuild/linux-ia32@0.18.6:
    resolution: {integrity: sha512-AXazA0ljvQEp7cA9jscABNXsjodKbEcqPcAE3rDzKN82Vb3lYOq6INd+HOCA7hk8IegEyHW4T72Z7QGIhyCQEA==}
    engines: {node: '>=12'}
    cpu: [ia32]
    os: [linux]
    requiresBuild: true
    dev: true
    optional: true

  /@esbuild/linux-loong64@0.18.6:
    resolution: {integrity: sha512-JjBf7TwY7ldcPgHYt9UcrjZB03+WZqg/jSwMAfzOzM5ZG+tu5umUqzy5ugH/crGI4eoDIhSOTDp1NL3Uo/05Fw==}
    engines: {node: '>=12'}
    cpu: [loong64]
    os: [linux]
    requiresBuild: true
    dev: true
    optional: true

  /@esbuild/linux-mips64el@0.18.6:
    resolution: {integrity: sha512-kATNsslryVxcH1sO3KP2nnyUWtZZVkgyhAUnyTVVa0OQQ9pmDRjTpHaE+2EQHoCM5wt/uav2edrAUqbwn3tkKQ==}
    engines: {node: '>=12'}
    cpu: [mips64el]
    os: [linux]
    requiresBuild: true
    dev: true
    optional: true

  /@esbuild/linux-ppc64@0.18.6:
    resolution: {integrity: sha512-B+wTKz+8pi7mcWXFQV0LA79dJ+qhiut5uK9q0omoKnq8yRIwQJwfg3/vclXoqqcX89Ri5Y5538V0Se2v5qlcLA==}
    engines: {node: '>=12'}
    cpu: [ppc64]
    os: [linux]
    requiresBuild: true
    dev: true
    optional: true

  /@esbuild/linux-riscv64@0.18.6:
    resolution: {integrity: sha512-h44RBLVXFUSjvhOfseE+5UxQ/r9LVeqK2S8JziJKOm9W7SePYRPDyn7MhzhNCCFPkcjIy+soCxfhlJXHXXCR0A==}
    engines: {node: '>=12'}
    cpu: [riscv64]
    os: [linux]
    requiresBuild: true
    dev: true
    optional: true

  /@esbuild/linux-s390x@0.18.6:
    resolution: {integrity: sha512-FlYpyr2Xc2AUePoAbc84NRV+mj7xpsISeQ36HGf9etrY5rTBEA+IU9HzWVmw5mDFtC62EQxzkLRj8h5Hq85yOQ==}
    engines: {node: '>=12'}
    cpu: [s390x]
    os: [linux]
    requiresBuild: true
    dev: true
    optional: true

  /@esbuild/linux-x64@0.18.6:
    resolution: {integrity: sha512-Mc4EUSYwzLci77u0Kao6ajB2WbTe5fNc7+lHwS3a+vJISC/oprwURezUYu1SdWAYoczbsyOvKAJwuNftoAdjjg==}
    engines: {node: '>=12'}
    cpu: [x64]
    os: [linux]
    requiresBuild: true
    dev: true
    optional: true

  /@esbuild/netbsd-x64@0.18.6:
    resolution: {integrity: sha512-3hgZlp7NqIM5lNG3fpdhBI5rUnPmdahraSmwAi+YX/bp7iZ7mpTv2NkypGs/XngdMtpzljICxnUG3uPfqLFd3w==}
    engines: {node: '>=12'}
    cpu: [x64]
    os: [netbsd]
    requiresBuild: true
    dev: true
    optional: true

  /@esbuild/openbsd-x64@0.18.6:
    resolution: {integrity: sha512-aEWTdZQHtSRROlDYn7ygB8yAqtnall/UnmoVIJVqccKitkAWVVSYocQUWrBOxLEFk8XdlRouVrLZe6WXszyviA==}
    engines: {node: '>=12'}
    cpu: [x64]
    os: [openbsd]
    requiresBuild: true
    dev: true
    optional: true

  /@esbuild/sunos-x64@0.18.6:
    resolution: {integrity: sha512-uxk/5yAGpjKZUHOECtI9W+9IcLjKj+2m0qf+RG7f7eRBHr8wP6wsr3XbNbgtOD1qSpPapd6R2ZfSeXTkCcAo5g==}
    engines: {node: '>=12'}
    cpu: [x64]
    os: [sunos]
    requiresBuild: true
    dev: true
    optional: true

  /@esbuild/win32-arm64@0.18.6:
    resolution: {integrity: sha512-oXlXGS9zvNCGoAT/tLHAsFKrIKye1JaIIP0anCdpaI+Dc10ftaNZcqfLzEwyhdzFAYInXYH4V7kEdH4hPyo9GA==}
    engines: {node: '>=12'}
    cpu: [arm64]
    os: [win32]
    requiresBuild: true
    dev: true
    optional: true

  /@esbuild/win32-ia32@0.18.6:
    resolution: {integrity: sha512-qh7IcAHUvvmMBmoIG+V+BbE9ZWSR0ohF51e5g8JZvU08kZF58uDFL5tHs0eoYz31H6Finv17te3W3QB042GqVA==}
    engines: {node: '>=12'}
    cpu: [ia32]
    os: [win32]
    requiresBuild: true
    dev: true
    optional: true

  /@esbuild/win32-x64@0.18.6:
    resolution: {integrity: sha512-9UDwkz7Wlm4N9jnv+4NL7F8vxLhSZfEkRArz2gD33HesAFfMLGIGNVXRoIHtWNw8feKsnGly9Hq1EUuRkWl0zA==}
    engines: {node: '>=12'}
    cpu: [x64]
    os: [win32]
    requiresBuild: true
    dev: true
    optional: true

  /esbuild@0.18.6:
    resolution: {integrity: sha512-5QgxWaAhU/tPBpvkxUmnFv2YINHuZzjbk0LeUUnC2i3aJHjfi5yR49lgKgF7cb98bclOp/kans8M5TGbGFfJlQ==}
    engines: {node: '>=12'}
    hasBin: true
    requiresBuild: true
    optionalDependencies:
      '@esbuild/android-arm': 0.18.6
      '@esbuild/android-arm64': 0.18.6
      '@esbuild/android-x64': 0.18.6
      '@esbuild/darwin-arm64': 0.18.6
      '@esbuild/darwin-x64': 0.18.6
      '@esbuild/freebsd-arm64': 0.18.6
      '@esbuild/freebsd-x64': 0.18.6
      '@esbuild/linux-arm': 0.18.6
      '@esbuild/linux-arm64': 0.18.6
      '@esbuild/linux-ia32': 0.18.6
      '@esbuild/linux-loong64': 0.18.6
      '@esbuild/linux-mips64el': 0.18.6
      '@esbuild/linux-ppc64': 0.18.6
      '@esbuild/linux-riscv64': 0.18.6
      '@esbuild/linux-s390x': 0.18.6
      '@esbuild/linux-x64': 0.18.6
      '@esbuild/netbsd-x64': 0.18.6
      '@esbuild/openbsd-x64': 0.18.6
      '@esbuild/sunos-x64': 0.18.6
      '@esbuild/win32-arm64': 0.18.6
      '@esbuild/win32-ia32': 0.18.6
      '@esbuild/win32-x64': 0.18.6
    dev: true

  /spitroast@1.4.3:
    resolution: {integrity: sha512-JdkzAy2tT82ahx+eEtM5ohBeHICqFln/Yzo+vPGnE5sX1LYgPHCU2qcaSIJfR/xNrhI0q+ftwFz0H2aJysv3EA==}
    dev: false
