lockfileVersion: '6.0'

settings:
  autoInstallPeers: true
  excludeLinksFromLockfile: false

dependencies:
  idb-keyval:
    specifier: ^6.2.1
    version: 6.2.1
  immutable:
    specifier: 5.0.0-beta.4
    version: 5.0.0-beta.4
  redux:
    specifier: ^4.2.1
    version: 4.2.1
  spitroast:
    specifier: ^1.4.3
    version: 1.4.3
  type-fest:
    specifier: ^4.3.1
    version: 4.3.1
  voby:
    specifier: ^0.54.0
    version: 0.54.0
  zod:
    specifier: ^3.2.2
    version: 3.22.2

packages:

  /@babel/runtime@7.22.15:
    resolution: {integrity: sha512-T0O+aa+4w0u06iNmapipJXMV4HoUir03hpx3/YqXXhu9xim3w+dVphjFWl1OH8NbZHw5Lbm9k45drDkgq2VNNA==}
    engines: {node: '>=6.9.0'}
    dependencies:
      regenerator-runtime: 0.14.0
    dev: false

  /htm@3.1.1:
    resolution: {integrity: sha512-983Vyg8NwUE7JkZ6NmOqpCZ+sh1bKv2iYTlUkzlWmA5JD2acKoxd4KVxbMmxX/85mtfdnDmTFoNKcg5DGAvxNQ==}
    dev: false

  /idb-keyval@6.2.1:
    resolution: {integrity: sha512-8Sb3veuYCyrZL+VBt9LJfZjLUPWVvqn8tG28VqYNFCo43KHcKuq+b4EiXGeuaLAQWL2YmyDgMp2aSpH9JHsEQg==}
    dev: false

  /immutable@5.0.0-beta.4:
    resolution: {integrity: sha512-sl9RE3lqd2LoQSESc8VV0k8qE9y57iT7dinq3Q+8mR2dqReHDZlgUrudzmFfZhDXBLXlNJMVWv3SG1YpQIokig==}
    dev: false

  /oby@14.3.1:
    resolution: {integrity: sha512-/5BvIarE2epsV2DDjcBf6R7DvcoUqtU62AOEEQyUqaKzwz0kdpB6huOG8anaqU0Asa9UGPFxdQWVbUPpEGLkuw==}
    dev: false

  /redux@4.2.1:
    resolution: {integrity: sha512-LAUYz4lc+Do8/g7aeRa8JkyDErK6ekstQaqWQrNRW//MY1TvCEpMtpTWvlQ+FPbWCx+Xixu/6SHt5N0HR+SB4w==}
    dependencies:
      '@babel/runtime': 7.22.15
    dev: false

  /regenerator-runtime@0.14.0:
    resolution: {integrity: sha512-srw17NI0TUWHuGa5CFGGmhfNIeja30WMBfbslPNhf6JrqQlLN5gcrvig1oqPxiVaXb0oW0XRKtH6Nngs5lKCIA==}
    dev: false

  /spitroast@1.4.3:
    resolution: {integrity: sha512-JdkzAy2tT82ahx+eEtM5ohBeHICqFln/Yzo+vPGnE5sX1LYgPHCU2qcaSIJfR/xNrhI0q+ftwFz0H2aJysv3EA==}
    dev: false

  /type-fest@4.3.1:
    resolution: {integrity: sha512-pphNW/msgOUSkJbH58x8sqpq8uQj6b0ZKGxEsLKMUnGorRcDjrUaLS+39+/ub41JNTwrrMyJcUB8+YZs3mbwqw==}
    engines: {node: '>=16'}
    dev: false

  /voby@0.54.0:
    resolution: {integrity: sha512-hH8LXcP0QR4J6nnzfSWGD13onq7hqdc/ya1r1Bb+TxibtECYKZRO1m4HdSU4RcE7MdAaQwR5pwgd+hqXCqk2OA==}
    dependencies:
      htm: 3.1.1
      oby: 14.3.1
    dev: false

  /zod@3.22.2:
    resolution: {integrity: sha512-wvWkphh5WQsJbVk1tbx1l1Ly4yg+XecD+Mq280uBGt9wa5BKSWf4Mhp6GmrkPixhMxmabYY7RbzlwVP32pbGCg==}
    dev: false
